
Microsoft Visual Studio Solution File, Format Version 12.00
Project("{FAE04EC0-301F-11D3-BF4B-00C04F79EFBC}") = "DisplayWeatherCS", "DisplayWeatherCS\DisplayWeatherCS.csproj", "{AAF86A92-8045-46D7-A347-9D6601D22372}"
EndProject
Global
	GlobalSection(SolutionConfigurationPlatforms) = preSolution
		Debug|Any CPU = Debug|Any CPU
		Release|Any CPU = Release|Any CPU
	EndGlobalSection
	GlobalSection(ProjectConfigurationPlatforms) = postSolution
		{AAF86A92-8045-46D7-A347-9D6601D22372}.Debug|Any CPU.ActiveCfg = Debug|Any CPU
		{AAF86A92-8045-46D7-A347-9D6601D22372}.Debug|Any CPU.Build.0 = Debug|Any CPU
		{AAF86A92-8045-46D7-A347-9D6601D22372}.Release|Any CPU.ActiveCfg = Release|Any CPU
		{AAF86A92-8045-46D7-A347-9D6601D22372}.Release|Any CPU.Build.0 = Release|Any CPU
	EndGlobalSection
EndGlobal
